
Microsoft Visual Studio Solution File, Format Version 12.00
# Visual Studio 14
VisualStudioVersion = 14.0.25123.0
MinimumVisualStudioVersion = 10.0.40219.1
Project("{FBA4A086-E97A-4F4B-920D-B2E0290BF22B}") = "Sitecore.Support.13844", "Sitecore.Support.13844\Sitecore.Support.13844.csproj", "{31A6659D-DBE4-4228-915C-34EA697A21F6}"
EndProject
Global
	GlobalSection(SolutionConfigurationPlatforms) = preSolution
		Debug|Any CPU = Debug|Any CPU
		Release|Any CPU = Release|Any CPU
	EndGlobalSection
	GlobalSection(ProjectConfigurationPlatforms) = postSolution
		{31A6659D-DBE4-4228-915C-34EA697A21F6}.Debug|Any CPU.ActiveCfg = Debug|Any CPU
		{31A6659D-DBE4-4228-915C-34EA697A21F6}.Debug|Any CPU.Build.0 = Debug|Any CPU
		{31A6659D-DBE4-4228-915C-34EA697A21F6}.Release|Any CPU.ActiveCfg = Release|Any CPU
		{31A6659D-DBE4-4228-915C-34EA697A21F6}.Release|Any CPU.Build.0 = Release|Any CPU
	EndGlobalSection
	GlobalSection(SolutionProperties) = preSolution
		HideSolutionNode = FALSE
	EndGlobalSection
EndGlobal
